
Microsoft Visual Studio Solution File, Format Version 12.00
# Visual Studio Version 17
VisualStudioVersion = 17.8.34322.80
MinimumVisualStudioVersion = 10.0.40219.1
Project("{FAE04EC0-301F-11D3-BF4B-00C04F79EFBC}") = "HRAdmin", "HRAdmin.csproj", "{000C1110-227B-4592-A1EE-D6020C6FD747}"
EndProject
Global
	GlobalSection(SolutionConfigurationPlatforms) = preSolution
		Debug|Any CPU = Debug|Any CPU
		Release|Any CPU = Release|Any CPU
	EndGlobalSection
	GlobalSection(ProjectConfigurationPlatforms) = postSolution
		{000C1110-227B-4592-A1EE-D6020C6FD747}.Debug|Any CPU.ActiveCfg = Debug|Any CPU
		{000C1110-227B-4592-A1EE-D6020C6FD747}.Debug|Any CPU.Build.0 = Debug|Any CPU
		{000C1110-227B-4592-A1EE-D6020C6FD747}.Release|Any CPU.ActiveCfg = Release|Any CPU
		{000C1110-227B-4592-A1EE-D6020C6FD747}.Release|Any CPU.Build.0 = Release|Any CPU
	EndGlobalSection
	GlobalSection(SolutionProperties) = preSolution
		HideSolutionNode = FALSE
	EndGlobalSection
	GlobalSection(ExtensibilityGlobals) = postSolution
		SolutionGuid = {FF603395-76DF-4290-9C1B-F2FAC0F8DB31}
	EndGlobalSection
EndGlobal
